
Microsoft Visual Studio Solution File, Format Version 12.00
# Visual Studio Version 16
VisualStudioVersion = 16.0.31112.23
MinimumVisualStudioVersion = 10.0.40219.1
Project("{FAE04EC0-301F-11D3-BF4B-00C04F79EFBC}") = "Задание 4.1(потоки)", "Задание 4.1(потоки)\Задание 4.1(потоки).csproj", "{50F8EB0F-DEA6-47E6-9EFF-CDD468A25639}"
EndProject
Project("{FAE04EC0-301F-11D3-BF4B-00C04F79EFBC}") = "Задание 4.2(потоки)", "Задание 4.2(потоки)\Задание 4.2(потоки).csproj", "{C4D40B8F-E63E-4626-870A-4B1252B8E070}"
EndProject
Global
	GlobalSection(SolutionConfigurationPlatforms) = preSolution
		Debug|Any CPU = Debug|Any CPU
		Release|Any CPU = Release|Any CPU
	EndGlobalSection
	GlobalSection(ProjectConfigurationPlatforms) = postSolution
		{50F8EB0F-DEA6-47E6-9EFF-CDD468A25639}.Debug|Any CPU.ActiveCfg = Debug|Any CPU
		{50F8EB0F-DEA6-47E6-9EFF-CDD468A25639}.Debug|Any CPU.Build.0 = Debug|Any CPU
		{50F8EB0F-DEA6-47E6-9EFF-CDD468A25639}.Release|Any CPU.ActiveCfg = Release|Any CPU
		{50F8EB0F-DEA6-47E6-9EFF-CDD468A25639}.Release|Any CPU.Build.0 = Release|Any CPU
		{C4D40B8F-E63E-4626-870A-4B1252B8E070}.Debug|Any CPU.ActiveCfg = Debug|Any CPU
		{C4D40B8F-E63E-4626-870A-4B1252B8E070}.Debug|Any CPU.Build.0 = Debug|Any CPU
		{C4D40B8F-E63E-4626-870A-4B1252B8E070}.Release|Any CPU.ActiveCfg = Release|Any CPU
		{C4D40B8F-E63E-4626-870A-4B1252B8E070}.Release|Any CPU.Build.0 = Release|Any CPU
	EndGlobalSection
	GlobalSection(SolutionProperties) = preSolution
		HideSolutionNode = FALSE
	EndGlobalSection
	GlobalSection(ExtensibilityGlobals) = postSolution
		SolutionGuid = {43FB85E1-873D-4A15-ABA7-F81F6268B7F5}
	EndGlobalSection
EndGlobal
